
Microsoft Visual Studio Solution File, Format Version 12.00
# Visual Studio Version 17
VisualStudioVersion = 17.8.34330.188
MinimumVisualStudioVersion = 10.0.40219.1
Project("{9A19103F-16F7-4668-BE54-9A1E7A4F7556}") = "ConsoleApp1", "ConsoleApp1\ConsoleApp1.csproj", "{87743369-677E-49F4-AB3D-A59DDE621E3A}"
EndProject
Project("{9A19103F-16F7-4668-BE54-9A1E7A4F7556}") = "_build", "build\_build.csproj", "{AFBE3179-F8B5-4ED2-B30D-C9A38BF835D4}"
EndProject
Project("{FAE04EC0-301F-11D3-BF4B-00C04F79EFBC}") = "TestProject1", "TestProject1\TestProject1.csproj", "{0814FBDD-1A93-4BBC-8E9F-0A15B34DFAE2}"
EndProject
Global
	GlobalSection(SolutionConfigurationPlatforms) = preSolution
		Debug|Any CPU = Debug|Any CPU
		Release|Any CPU = Release|Any CPU
	EndGlobalSection
	GlobalSection(ProjectConfigurationPlatforms) = postSolution
		{87743369-677E-49F4-AB3D-A59DDE621E3A}.Debug|Any CPU.ActiveCfg = Debug|Any CPU
		{87743369-677E-49F4-AB3D-A59DDE621E3A}.Debug|Any CPU.Build.0 = Debug|Any CPU
		{87743369-677E-49F4-AB3D-A59DDE621E3A}.Release|Any CPU.ActiveCfg = Release|Any CPU
		{87743369-677E-49F4-AB3D-A59DDE621E3A}.Release|Any CPU.Build.0 = Release|Any CPU
		{AFBE3179-F8B5-4ED2-B30D-C9A38BF835D4}.Debug|Any CPU.ActiveCfg = Debug|Any CPU
		{AFBE3179-F8B5-4ED2-B30D-C9A38BF835D4}.Release|Any CPU.ActiveCfg = Release|Any CPU
		{0814FBDD-1A93-4BBC-8E9F-0A15B34DFAE2}.Debug|Any CPU.ActiveCfg = Debug|Any CPU
		{0814FBDD-1A93-4BBC-8E9F-0A15B34DFAE2}.Debug|Any CPU.Build.0 = Debug|Any CPU
		{0814FBDD-1A93-4BBC-8E9F-0A15B34DFAE2}.Release|Any CPU.ActiveCfg = Release|Any CPU
		{0814FBDD-1A93-4BBC-8E9F-0A15B34DFAE2}.Release|Any CPU.Build.0 = Release|Any CPU
	EndGlobalSection
	GlobalSection(SolutionProperties) = preSolution
		HideSolutionNode = FALSE
	EndGlobalSection
	GlobalSection(ExtensibilityGlobals) = postSolution
		SolutionGuid = {F6CBAED1-1475-4940-971C-C8FCBE99C9DA}
	EndGlobalSection
EndGlobal
